
Microsoft Visual Studio Solution File, Format Version 12.00
# Visual Studio Version 17
VisualStudioVersion = 17.2.32616.157
MinimumVisualStudioVersion = 10.0.40219.1
Project("{FAE04EC0-301F-11D3-BF4B-00C04F79EFBC}") = "MemoryGame2", "MemoryGame2\MemoryGame2.csproj", "{61266542-E945-4A02-B085-F5AA5BD2FD83}"
EndProject
Global
	GlobalSection(SolutionConfigurationPlatforms) = preSolution
		Debug|Any CPU = Debug|Any CPU
		Release|Any CPU = Release|Any CPU
	EndGlobalSection
	GlobalSection(ProjectConfigurationPlatforms) = postSolution
		{61266542-E945-4A02-B085-F5AA5BD2FD83}.Debug|Any CPU.ActiveCfg = Debug|Any CPU
		{61266542-E945-4A02-B085-F5AA5BD2FD83}.Debug|Any CPU.Build.0 = Debug|Any CPU
		{61266542-E945-4A02-B085-F5AA5BD2FD83}.Release|Any CPU.ActiveCfg = Release|Any CPU
		{61266542-E945-4A02-B085-F5AA5BD2FD83}.Release|Any CPU.Build.0 = Release|Any CPU
	EndGlobalSection
	GlobalSection(SolutionProperties) = preSolution
		HideSolutionNode = FALSE
	EndGlobalSection
	GlobalSection(ExtensibilityGlobals) = postSolution
		SolutionGuid = {30D0B5CD-6D12-49D0-912D-A08A392AE2F6}
	EndGlobalSection
EndGlobal
